// !$*UTF8*$!
{
	archiveVersion = 1;
	classes = {
	};
	objectVersion = 51;
	objects = {

/* Begin PBXBuildFile section */
		0F6751632599DC82009023E1 /* AppDelegate.swift in Sources */ = {isa = PBXBuildFile; fileRef = 0F6751622599DC82009023E1 /* AppDelegate.swift */; };
		0F6751652599DC82009023E1 /* SceneDelegate.swift in Sources */ = {isa = PBXBuildFile; fileRef = 0F6751642599DC82009023E1 /* SceneDelegate.swift */; };
		0F67516A2599DC82009023E1 /* Main.storyboard in Resources */ = {isa = PBXBuildFile; fileRef = 0F6751682599DC82009023E1 /* Main.storyboard */; };
		0F67516C2599DC84009023E1 /* Assets.xcassets in Resources */ = {isa = PBXBuildFile; fileRef = 0F67516B2599DC84009023E1 /* Assets.xcassets */; };
		0F67516F2599DC84009023E1 /* LaunchScreen.storyboard in Resources */ = {isa = PBXBuildFile; fileRef = 0F67516D2599DC84009023E1 /* LaunchScreen.storyboard */; };
		0F67517E2599DCD4009023E1 /* JPEG.swift in Sources */ = {isa = PBXBuildFile; fileRef = 0F6751782599DCD3009023E1 /* JPEG.swift */; };
		0F67517F2599DCD4009023E1 /* AssetSelectionViewController.swift in Sources */ = {isa = PBXBuildFile; fileRef = 0F6751792599DCD3009023E1 /* AssetSelectionViewController.swift */; };
		0F6751802599DCD4009023E1 /* QuickTimeMov.swift in Sources */ = {isa = PBXBuildFile; fileRef = 0F67517A2599DCD4009023E1 /* QuickTimeMov.swift */; };
		0F6751812599DCD4009023E1 /* GIF2MP4.swift in Sources */ = {isa = PBXBuildFile; fileRef = 0F67517B2599DCD4009023E1 /* GIF2MP4.swift */; };
		0F6751822599DCD4009023E1 /* LoadingView.swift in Sources */ = {isa = PBXBuildFile; fileRef = 0F67517C2599DCD4009023E1 /* LoadingView.swift */; };
		0F6751832599DCD4009023E1 /* AssetEditorViewController.swift in Sources */ = {isa = PBXBuildFile; fileRef = 0F67517D2599DCD4009023E1 /* AssetEditorViewController.swift */; };
		983C915CD8479A6D3CCA1515 /* Pods_LivePhoto.framework in Frameworks */ = {isa = PBXBuildFile; fileRef = C3FD0159925468A74C8831E5 /* Pods_LivePhoto.framework */; };
/* End PBXBuildFile section */

/* Begin PBXFileReference section */
		0F67515F2599DC82009023E1 /* LivePhoto.app */ = {isa = PBXFileReference; explicitFileType = wrapper.application; includeInIndex = 0; path = LivePhoto.app; sourceTree = BUILT_PRODUCTS_DIR; };
		0F6751622599DC82009023E1 /* AppDelegate.swift */ = {isa = PBXFileReference; lastKnownFileType = sourcecode.swift; path = AppDelegate.swift; sourceTree = "<group>"; };
		0F6751642599DC82009023E1 /* SceneDelegate.swift */ = {isa = PBXFileReference; lastKnownFileType = sourcecode.swift; path = SceneDelegate.swift; sourceTree = "<group>"; };
		0F6751692599DC82009023E1 /* Base */ = {isa = PBXFileReference; lastKnownFileType = file.storyboard; name = Base; path = Base.lproj/Main.storyboard; sourceTree = "<group>"; };
		0F67516B2599DC84009023E1 /* Assets.xcassets */ = {isa = PBXFileReference; lastKnownFileType = folder.assetcatalog; path = Assets.xcassets; sourceTree = "<group>"; };
		0F67516E2599DC84009023E1 /* Base */ = {isa = PBXFileReference; lastKnownFileType = file.storyboard; name = Base; path = Base.lproj/LaunchScreen.storyboard; sourceTree = "<group>"; };
		0F6751702599DC84009023E1 /* Info.plist */ = {isa = PBXFileReference; lastKnownFileType = text.plist.xml; path = Info.plist; sourceTree = "<group>"; };
		0F6751782599DCD3009023E1 /* JPEG.swift */ = {isa = PBXFileReference; fileEncoding = 4; lastKnownFileType = sourcecode.swift; path = JPEG.swift; sourceTree = "<group>"; };
		0F6751792599DCD3009023E1 /* AssetSelectionViewController.swift */ = {isa = PBXFileReference; fileEncoding = 4; lastKnownFileType = sourcecode.swift; path = AssetSelectionViewController.swift; sourceTree = "<group>"; };
		0F67517A2599DCD4009023E1 /* QuickTimeMov.swift */ = {isa = PBXFileReference; fileEncoding = 4; lastKnownFileType = sourcecode.swift; path = QuickTimeMov.swift; sourceTree = "<group>"; };
		0F67517B2599DCD4009023E1 /* GIF2MP4.swift */ = {isa = PBXFileReference; fileEncoding = 4; lastKnownFileType = sourcecode.swift; path = GIF2MP4.swift; sourceTree = "<group>"; };
		0F67517C2599DCD4009023E1 /* LoadingView.swift */ = {isa = PBXFileReference; fileEncoding = 4; lastKnownFileType = sourcecode.swift; path = LoadingView.swift; sourceTree = "<group>"; };
		0F67517D2599DCD4009023E1 /* AssetEditorViewController.swift */ = {isa = PBXFileReference; fileEncoding = 4; lastKnownFileType = sourcecode.swift; path = AssetEditorViewController.swift; sourceTree = "<group>"; };
		5F7A4BE48EBB308797CC5846 /* Pods-LivePhoto.release.xcconfig */ = {isa = PBXFileReference; includeInIndex = 1; lastKnownFileType = text.xcconfig; name = "Pods-LivePhoto.release.xcconfig"; path = "Target Support Files/Pods-LivePhoto/Pods-LivePhoto.release.xcconfig"; sourceTree = "<group>"; };
		C3FD0159925468A74C8831E5 /* Pods_LivePhoto.framework */ = {isa = PBXFileReference; explicitFileType = wrapper.framework; includeInIndex = 0; path = Pods_LivePhoto.framework; sourceTree = BUILT_PRODUCTS_DIR; };
		DEFD1C21D07202310C557639 /* Pods-LivePhoto.debug.xcconfig */ = {isa = PBXFileReference; includeInIndex = 1; lastKnownFileType = text.xcconfig; name = "Pods-LivePhoto.debug.xcconfig"; path = "Target Support Files/Pods-LivePhoto/Pods-LivePhoto.debug.xcconfig"; sourceTree = "<group>"; };
/* End PBXFileReference section */

/* Begin PBXFrameworksBuildPhase section */
		0F67515C2599DC82009023E1 /* Frameworks */ = {
			isa = PBXFrameworksBuildPhase;
			buildActionMask = 2147483647;
			files = (
				983C915CD8479A6D3CCA1515 /* Pods_LivePhoto.framework in Frameworks */,
			);
			runOnlyForDeploymentPostprocessing = 0;
		};
/* End PBXFrameworksBuildPhase section */

/* Begin PBXGroup section */
		0F6751562599DC82009023E1 = {
			isa = PBXGroup;
			children = (
				0F6751612599DC82009023E1 /* LivePhoto */,
				0F6751602599DC82009023E1 /* Products */,
				CE0E58B7C162DF6FF527B2AD /* Pods */,
				319DD706D3DDC9A4B64D6C25 /* Frameworks */,
			);
			sourceTree = "<group>";
		};
		0F6751602599DC82009023E1 /* Products */ = {
			isa = PBXGroup;
			children = (
				0F67515F2599DC82009023E1 /* LivePhoto.app */,
			);
			name = Products;
			sourceTree = "<group>";
		};
		0F6751612599DC82009023E1 /* LivePhoto */ = {
			isa = PBXGroup;
			children = (
				0F6751772599DC92009023E1 /* swift */,
				0F6751622599DC82009023E1 /* AppDelegate.swift */,
				0F6751642599DC82009023E1 /* SceneDelegate.swift */,
				0F6751682599DC82009023E1 /* Main.storyboard */,
				0F67516B2599DC84009023E1 /* Assets.xcassets */,
				0F67516D2599DC84009023E1 /* LaunchScreen.storyboard */,
				0F6751702599DC84009023E1 /* Info.plist */,
			);
			path = LivePhoto;
			sourceTree = "<group>";
		};
		0F6751772599DC92009023E1 /* swift */ = {
			isa = PBXGroup;
			children = (
				0F67517D2599DCD4009023E1 /* AssetEditorViewController.swift */,
				0F6751792599DCD3009023E1 /* AssetSelectionViewController.swift */,
				0F67517B2599DCD4009023E1 /* GIF2MP4.swift */,
				0F6751782599DCD3009023E1 /* JPEG.swift */,
				0F67517C2599DCD4009023E1 /* LoadingView.swift */,
				0F67517A2599DCD4009023E1 /* QuickTimeMov.swift */,
			);
			path = swift;
			sourceTree = "<group>";
		};
		319DD706D3DDC9A4B64D6C25 /* Frameworks */ = {
			isa = PBXGroup;
			children = (
				C3FD0159925468A74C8831E5 /* Pods_LivePhoto.framework */,
			);
			name = Frameworks;
			sourceTree = "<group>";
		};
		CE0E58B7C162DF6FF527B2AD /* Pods */ = {
			isa = PBXGroup;
			children = (
				DEFD1C21D07202310C557639 /* Pods-LivePhoto.debug.xcconfig */,
				5F7A4BE48EBB308797CC5846 /* Pods-LivePhoto.release.xcconfig */,
			);
			path = Pods;
			sourceTree = "<group>";
		};
/* End PBXGroup section */

/* Begin PBXNativeTarget section */
		0F67515E2599DC82009023E1 /* LivePhoto */ = {
			isa = PBXNativeTarget;
			buildConfigurationList = 0F6751732599DC84009023E1 /* Build configuration list for PBXNativeTarget "LivePhoto" */;
			buildPhases = (
				B9DE85230F6A6A4321A5C613 /* [CP] Check Pods Manifest.lock */,
				0F67515B2599DC82009023E1 /* Sources */,
				0F67515C2599DC82009023E1 /* Frameworks */,
				0F67515D2599DC82009023E1 /* Resources */,
				DAA305EDC41156D5A403D3D4 /* [CP] Embed Pods Frameworks */,
			);
			buildRules = (
			);
			dependencies = (
			);
			name = LivePhoto;
			productName = LivePhoto;
			productReference = 0F67515F2599DC82009023E1 /* LivePhoto.app */;
			productType = "com.apple.product-type.application";
		};
/* End PBXNativeTarget section */

/* Begin PBXProject section */
		0F6751572599DC82009023E1 /* Project object */ = {
			isa = PBXProject;
			attributes = {
				LastSwiftUpdateCheck = 1230;
				LastUpgradeCheck = 1230;
				TargetAttributes = {
					0F67515E2599DC82009023E1 = {
						CreatedOnToolsVersion = 12.3;
					};
				};
			};
			buildConfigurationList = 0F67515A2599DC82009023E1 /* Build configuration list for PBXProject "LivePhoto" */;
			compatibilityVersion = "Xcode 9.3";
			developmentRegion = en;
			hasScannedForEncodings = 0;
			knownRegions = (
				en,
				Base,
			);
			mainGroup = 0F6751562599DC82009023E1;
			productRefGroup = 0F6751602599DC82009023E1 /* Products */;
			projectDirPath = "";
			projectRoot = "";
			targets = (
				0F67515E2599DC82009023E1 /* LivePhoto */,
			);
		};
/* End PBXProject section */

/* Begin PBXResourcesBuildPhase section */
		0F67515D2599DC82009023E1 /* Resources */ = {
			isa = PBXResourcesBuildPhase;
			buildActionMask = 2147483647;
			files = (
				0F67516F2599DC84009023E1 /* LaunchScreen.storyboard in Resources */,
				0F67516C2599DC84009023E1 /* Assets.xcassets in Resources */,
				0F67516A2599DC82009023E1 /* Main.storyboard in Resources */,
			);
			runOnlyForDeploymentPostprocessing = 0;
		};
/* End PBXResourcesBuildPhase section */

/* Begin PBXShellScriptBuildPhase section */
		B9DE85230F6A6A4321A5C613 /* [CP] Check Pods Manifest.lock */ = {
			isa = PBXShellScriptBuildPhase;
			buildActionMask = 2147483647;
			files = (
			);
			inputFileListPaths = (
			);
			inputPaths = (
				"${PODS_PODFILE_DIR_PATH}/Podfile.lock",
				"${PODS_ROOT}/Manifest.lock",
			);
			name = "[CP] Check Pods Manifest.lock";
			outputFileListPaths = (
			);
			outputPaths = (
				"$(DERIVED_FILE_DIR)/Pods-LivePhoto-checkManifestLockResult.txt",
			);
			runOnlyForDeploymentPostprocessing = 0;
			shellPath = /bin/sh;
			shellScript = "diff \"${PODS_PODFILE_DIR_PATH}/Podfile.lock\" \"${PODS_ROOT}/Manifest.lock\" > /dev/null\nif [ $? != 0 ] ; then\n    # print error to STDERR\n    echo \"error: The sandbox is not in sync with the Podfile.lock. Run 'pod install' or update your CocoaPods installation.\" >&2\n    exit 1\nfi\n# This output is used by Xcode 'outputs' to avoid re-running this script phase.\necho \"SUCCESS\" > \"${SCRIPT_OUTPUT_FILE_0}\"\n";
			showEnvVarsInLog = 0;
		};
		DAA305EDC41156D5A403D3D4 /* [CP] Embed Pods Frameworks */ = {
			isa = PBXShellScriptBuildPhase;
			buildActionMask = 2147483647;
			files = (
			);
			inputFileListPaths = (
				"${PODS_ROOT}/Target Support Files/Pods-LivePhoto/Pods-LivePhoto-frameworks-${CONFIGURATION}-input-files.xcfilelist",
			);
			name = "[CP] Embed Pods Frameworks";
			outputFileListPaths = (
				"${PODS_ROOT}/Target Support Files/Pods-LivePhoto/Pods-LivePhoto-frameworks-${CONFIGURATION}-output-files.xcfilelist",
			);
			runOnlyForDeploymentPostprocessing = 0;
			shellPath = /bin/sh;
			shellScript = "\"${PODS_ROOT}/Target Support Files/Pods-LivePhoto/Pods-LivePhoto-frameworks.sh\"\n";
			showEnvVarsInLog = 0;
		};
/* End PBXShellScriptBuildPhase section */

/* Begin PBXSourcesBuildPhase section */
		0F67515B2599DC82009023E1 /* Sources */ = {
			isa = PBXSourcesBuildPhase;
			buildActionMask = 2147483647;
			files = (
				0F6751812599DCD4009023E1 /* GIF2MP4.swift in Sources */,
				0F6751632599DC82009023E1 /* AppDelegate.swift in Sources */,
				0F6751652599DC82009023E1 /* SceneDelegate.swift in Sources */,
				0F67517F2599DCD4009023E1 /* AssetSelectionViewController.swift in Sources */,
				0F6751822599DCD4009023E1 /* LoadingView.swift in Sources */,
				0F67517E2599DCD4009023E1 /* JPEG.swift in Sources */,
				0F6751802599DCD4009023E1 /* QuickTimeMov.swift in Sources */,
				0F6751832599DCD4009023E1 /* AssetEditorViewController.swift in Sources */,
			);
			runOnlyForDeploymentPostprocessing = 0;
		};
/* End PBXSourcesBuildPhase section */

/* Begin PBXVariantGroup section */
		0F6751682599DC82009023E1 /* Main.storyboard */ = {
			isa = PBXVariantGroup;
			children = (
				0F6751692599DC82009023E1 /* Base */,
			);
			name = Main.storyboard;
			sourceTree = "<group>";
		};
		0F67516D2599DC84009023E1 /* LaunchScreen.storyboard */ = {
			isa = PBXVariantGroup;
			children = (
				0F67516E2599DC84009023E1 /* Base */,
			);
			name = LaunchScreen.storyboard;
			sourceTree = "<group>";
		};
/* End PBXVariantGroup section */

/* Begin XCBuildConfiguration section */
		0F6751712599DC84009023E1 /* Debug */ = {
			isa = XCBuildConfiguration;
			buildSettings = {
				ALWAYS_SEARCH_USER_PATHS = NO;
				CLANG_ANALYZER_NONNULL = YES;
				CLANG_ANALYZER_NUMBER_OBJECT_CONVERSION = YES_AGGRESSIVE;
				CLANG_CXX_LANGUAGE_STANDARD = "gnu++14";
				CLANG_CXX_LIBRARY = "libc++";
				CLANG_ENABLE_MODULES = YES;
				CLANG_ENABLE_OBJC_ARC = YES;
				CLANG_ENABLE_OBJC_WEAK = YES;
				CLANG_WARN_BLOCK_CAPTURE_AUTORELEASING = YES;
				CLANG_WARN_BOOL_CONVERSION = YES;
				CLANG_WARN_COMMA = YES;
				CLANG_WARN_CONSTANT_CONVERSION = YES;
				CLANG_WARN_DEPRECATED_OBJC_IMPLEMENTATIONS = YES;
				CLANG_WARN_DIRECT_OBJC_ISA_USAGE = YES_ERROR;
				CLANG_WARN_DOCUMENTATION_COMMENTS = YES;
				CLANG_WARN_EMPTY_BODY = YES;
				CLANG_WARN_ENUM_CONVERSION = YES;
				CLANG_WARN_INFINITE_RECURSION = YES;
				CLANG_WARN_INT_CONVERSION = YES;
				CLANG_WARN_NON_LITERAL_NULL_CONVERSION = YES;
				CLANG_WARN_OBJC_IMPLICIT_RETAIN_SELF = YES;
				CLANG_WARN_OBJC_LITERAL_CONVERSION = YES;
				CLANG_WARN_OBJC_ROOT_CLASS = YES_ERROR;
				CLANG_WARN_QUOTED_INCLUDE_IN_FRAMEWORK_HEADER = YES;
				CLANG_WARN_RANGE_LOOP_ANALYSIS = YES;
				CLANG_WARN_STRICT_PROTOTYPES = YES;
				CLANG_WARN_SUSPICIOUS_MOVE = YES;
				CLANG_WARN_UNGUARDED_AVAILABILITY = YES_AGGRESSIVE;
				CLANG_WARN_UNREACHABLE_CODE = YES;
				CLANG_WARN__DUPLICATE_METHOD_MATCH = YES;
				COPY_PHASE_STRIP = NO;
				DEBUG_INFORMATION_FORMAT = dwarf;
				ENABLE_STRICT_OBJC_MSGSEND = YES;
				ENABLE_TESTABILITY = YES;
				GCC_C_LANGUAGE_STANDARD = gnu11;
				GCC_DYNAMIC_NO_PIC = NO;
				GCC_NO_COMMON_BLOCKS = YES;
				GCC_OPTIMIZATION_LEVEL = 0;
				GCC_PREPROCESSOR_DEFINITIONS = (
					"DEBUG=1",
					"$(inherited)",
				);
				GCC_WARN_64_TO_32_BIT_CONVERSION = YES;
				GCC_WARN_ABOUT_RETURN_TYPE = YES_ERROR;
				GCC_WARN_UNDECLARED_SELECTOR = YES;
				GCC_WARN_UNINITIALIZED_AUTOS = YES_AGGRESSIVE;
				GCC_WARN_UNUSED_FUNCTION = YES;
				GCC_WARN_UNUSED_VARIABLE = YES;
				IPHONEOS_DEPLOYMENT_TARGET = 14.1;
				MTL_ENABLE_DEBUG_INFO = INCLUDE_SOURCE;
				MTL_FAST_MATH = YES;
				ONLY_ACTIVE_ARCH = YES;
				SDKROOT = iphoneos;
				SWIFT_ACTIVE_COMPILATION_CONDITIONS = DEBUG;
				SWIFT_OPTIMIZATION_LEVEL = "-Onone";
			};
			name = Debug;
		};
		0F6751722599DC84009023E1 /* Release */ = {
			isa = XCBuildConfiguration;
			buildSettings = {
				ALWAYS_SEARCH_USER_PATHS = NO;
				CLANG_ANALYZER_NONNULL = YES;
				CLANG_ANALYZER_NUMBER_OBJECT_CONVERSION = YES_AGGRESSIVE;
				CLANG_CXX_LANGUAGE_STANDARD = "gnu++14";
				CLANG_CXX_LIBRARY = "libc++";
				CLANG_ENABLE_MODULES = YES;
				CLANG_ENABLE_OBJC_ARC = YES;
				CLANG_ENABLE_OBJC_WEAK = YES;
				CLANG_WARN_BLOCK_CAPTURE_AUTORELEASING = YES;
				CLANG_WARN_BOOL_CONVERSION = YES;
				CLANG_WARN_COMMA = YES;
				CLANG_WARN_CONSTANT_CONVERSION = YES;
				CLANG_WARN_DEPRECATED_OBJC_IMPLEMENTATIONS = YES;
				CLANG_WARN_DIRECT_OBJC_ISA_USAGE = YES_ERROR;
				CLANG_WARN_DOCUMENTATION_COMMENTS = YES;
				CLANG_WARN_EMPTY_BODY = YES;
				CLANG_WARN_ENUM_CONVERSION = YES;
				CLANG_WARN_INFINITE_RECURSION = YES;
				CLANG_WARN_INT_CONVERSION = YES;
				CLANG_WARN_NON_LITERAL_NULL_CONVERSION = YES;
				CLANG_WARN_OBJC_IMPLICIT_RETAIN_SELF = YES;
				CLANG_WARN_OBJC_LITERAL_CONVERSION = YES;
				CLANG_WARN_OBJC_ROOT_CLASS = YES_ERROR;
				CLANG_WARN_QUOTED_INCLUDE_IN_FRAMEWORK_HEADER = YES;
				CLANG_WARN_RANGE_LOOP_ANALYSIS = YES;
				CLANG_WARN_STRICT_PROTOTYPES = YES;
				CLANG_WARN_SUSPICIOUS_MOVE = YES;
				CLANG_WARN_UNGUARDED_AVAILABILITY = YES_AGGRESSIVE;
				CLANG_WARN_UNREACHABLE_CODE = YES;
				CLANG_WARN__DUPLICATE_METHOD_MATCH = YES;
				COPY_PHASE_STRIP = NO;
				DEBUG_INFORMATION_FORMAT = "dwarf-with-dsym";
				ENABLE_NS_ASSERTIONS = NO;
				ENABLE_STRICT_OBJC_MSGSEND = YES;
				GCC_C_LANGUAGE_STANDARD = gnu11;
				GCC_NO_COMMON_BLOCKS = YES;
				GCC_WARN_64_TO_32_BIT_CONVERSION = YES;
				GCC_WARN_ABOUT_RETURN_TYPE = YES_ERROR;
				GCC_WARN_UNDECLARED_SELECTOR = YES;
				GCC_WARN_UNINITIALIZED_AUTOS = YES_AGGRESSIVE;
				GCC_WARN_UNUSED_FUNCTION = YES;
				GCC_WARN_UNUSED_VARIABLE = YES;
				IPHONEOS_DEPLOYMENT_TARGET = 14.1;
				MTL_ENABLE_DEBUG_INFO = NO;
				MTL_FAST_MATH = YES;
				SDKROOT = iphoneos;
				SWIFT_COMPILATION_MODE = wholemodule;
				SWIFT_OPTIMIZATION_LEVEL = "-O";
				VALIDATE_PRODUCT = YES;
			};
			name = Release;
		};
		0F6751742599DC84009023E1 /* Debug */ = {
			isa = XCBuildConfiguration;
			baseConfigurationReference = DEFD1C21D07202310C557639 /* Pods-LivePhoto.debug.xcconfig */;
			buildSettings = {
				ASSETCATALOG_COMPILER_APPICON_NAME = AppIcon;
				ASSETCATALOG_COMPILER_GLOBAL_ACCENT_COLOR_NAME = AccentColor;
				CODE_SIGN_STYLE = Automatic;
				DEVELOPMENT_TEAM = 92L57X7YGH;
				INFOPLIST_FILE = LivePhoto/Info.plist;
				LD_RUNPATH_SEARCH_PATHS = (
					"$(inherited)",
					"@executable_path/Frameworks",
				);
				PRODUCT_BUNDLE_IDENTIFIER = com.kabir.test.LivePhoto;
				PRODUCT_NAME = "$(TARGET_NAME)";
				SWIFT_VERSION = 5.0;
				TARGETED_DEVICE_FAMILY = "1,2";
			};
			name = Debug;
		};
		0F6751752599DC84009023E1 /* Release */ = {
			isa = XCBuildConfiguration;
			baseConfigurationReference = 5F7A4BE48EBB308797CC5846 /* Pods-LivePhoto.release.xcconfig */;
			buildSettings = {
				ASSETCATALOG_COMPILER_APPICON_NAME = AppIcon;
				ASSETCATALOG_COMPILER_GLOBAL_ACCENT_COLOR_NAME = AccentColor;
				CODE_SIGN_STYLE = Automatic;
				DEVELOPMENT_TEAM = 92L57X7YGH;
				INFOPLIST_FILE = LivePhoto/Info.plist;
				LD_RUNPATH_SEARCH_PATHS = (
					"$(inherited)",
					"@executable_path/Frameworks",
				);
				PRODUCT_BUNDLE_IDENTIFIER = com.kabir.test.LivePhoto;
				PRODUCT_NAME = "$(TARGET_NAME)";
				SWIFT_VERSION = 5.0;
				TARGETED_DEVICE_FAMILY = "1,2";
			};
			name = Release;
		};
/* End XCBuildConfiguration section */

/* Begin XCConfigurationList section */
		0F67515A2599DC82009023E1 /* Build configuration list for PBXProject "LivePhoto" */ = {
			isa = XCConfigurationList;
			buildConfigurations = (
				0F6751712599DC84009023E1 /* Debug */,
				0F6751722599DC84009023E1 /* Release */,
			);
			defaultConfigurationIsVisible = 0;
			defaultConfigurationName = Release;
		};
		0F6751732599DC84009023E1 /* Build configuration list for PBXNativeTarget "LivePhoto" */ = {
			isa = XCConfigurationList;
			buildConfigurations = (
				0F6751742599DC84009023E1 /* Debug */,
				0F6751752599DC84009023E1 /* Release */,
			);
			defaultConfigurationIsVisible = 0;
			defaultConfigurationName = Release;
		};
/* End XCConfigurationList section */
	};
	rootObject = 0F6751572599DC82009023E1 /* Project object */;
}
